
Microsoft Visual Studio Solution File, Format Version 12.00
# Visual Studio Version 17
VisualStudioVersion = 17.12.35527.113 d17.12
MinimumVisualStudioVersion = 10.0.40219.1
Project("{FAE04EC0-301F-11D3-BF4B-00C04F79EFBC}") = "REG_MARK_LIB", "REG_MARK_LIB\REG_MARK_LIB.csproj", "{7014D810-222D-4DB6-9A2A-AEA7EE1E3D72}"
EndProject
Project("{FAE04EC0-301F-11D3-BF4B-00C04F79EFBC}") = "TestProject2", "TestProject2\TestProject2.csproj", "{A652D528-2240-4E40-8987-D42DE5329AC9}"
EndProject
Global
	GlobalSection(SolutionConfigurationPlatforms) = preSolution
		Debug|Any CPU = Debug|Any CPU
		Release|Any CPU = Release|Any CPU
	EndGlobalSection
	GlobalSection(ProjectConfigurationPlatforms) = postSolution
		{7014D810-222D-4DB6-9A2A-AEA7EE1E3D72}.Debug|Any CPU.ActiveCfg = Debug|Any CPU
		{7014D810-222D-4DB6-9A2A-AEA7EE1E3D72}.Debug|Any CPU.Build.0 = Debug|Any CPU
		{7014D810-222D-4DB6-9A2A-AEA7EE1E3D72}.Release|Any CPU.ActiveCfg = Release|Any CPU
		{7014D810-222D-4DB6-9A2A-AEA7EE1E3D72}.Release|Any CPU.Build.0 = Release|Any CPU
		{A652D528-2240-4E40-8987-D42DE5329AC9}.Debug|Any CPU.ActiveCfg = Debug|Any CPU
		{A652D528-2240-4E40-8987-D42DE5329AC9}.Debug|Any CPU.Build.0 = Debug|Any CPU
		{A652D528-2240-4E40-8987-D42DE5329AC9}.Release|Any CPU.ActiveCfg = Release|Any CPU
		{A652D528-2240-4E40-8987-D42DE5329AC9}.Release|Any CPU.Build.0 = Release|Any CPU
	EndGlobalSection
	GlobalSection(SolutionProperties) = preSolution
		HideSolutionNode = FALSE
	EndGlobalSection
EndGlobal
